
Microsoft Visual Studio Solution File, Format Version 12.00
# Visual Studio Version 17
VisualStudioVersion = 17.9.34902.65
MinimumVisualStudioVersion = 10.0.40219.1
Project("{FAE04EC0-301F-11D3-BF4B-00C04F79EFBC}") = "test2github", "test2github\test2github.csproj", "{4456660A-74C3-4798-AAC9-2E962CE71349}"
EndProject
Global
	GlobalSection(SolutionConfigurationPlatforms) = preSolution
		Debug|Any CPU = Debug|Any CPU
		Release|Any CPU = Release|Any CPU
	EndGlobalSection
	GlobalSection(ProjectConfigurationPlatforms) = postSolution
		{4456660A-74C3-4798-AAC9-2E962CE71349}.Debug|Any CPU.ActiveCfg = Debug|Any CPU
		{4456660A-74C3-4798-AAC9-2E962CE71349}.Debug|Any CPU.Build.0 = Debug|Any CPU
		{4456660A-74C3-4798-AAC9-2E962CE71349}.Release|Any CPU.ActiveCfg = Release|Any CPU
		{4456660A-74C3-4798-AAC9-2E962CE71349}.Release|Any CPU.Build.0 = Release|Any CPU
	EndGlobalSection
	GlobalSection(SolutionProperties) = preSolution
		HideSolutionNode = FALSE
	EndGlobalSection
	GlobalSection(ExtensibilityGlobals) = postSolution
		SolutionGuid = {5CFF04BE-E397-4F4C-B836-A6156309BFD4}
	EndGlobalSection
EndGlobal
